<?xml version="1.0" encoding="utf-8"?>
<Project ToolsVersion="4.0" xmlns="http://schemas.microsoft.com/developer/msbuild/2003">
  <ItemGroup>
    <Filter Include="Source Files">
      <UniqueIdentifier>{4FC737F1-C7A5-4376-A066-2A32D752A2FF}</UniqueIdentifier>
      <Extensions>cpp;c;cc;cxx;c++;cppm;ixx;def;odl;idl;hpj;bat;asm;asmx</Extensions>
    </Filter>
    <Filter Include="Header Files">
      <UniqueIdentifier>{93995380-89BD-4b04-88EB-625FBE52EBFB}</UniqueIdentifier>
      <Extensions>h;hh;hpp;hxx;h++;hm;inl;inc;ipp;xsd</Extensions>
    </Filter>
    <Filter Include="Resource Files">
      <UniqueIdentifier>{67DA6AB6-F800-4c08-8B7A-83BB121AAD01}</UniqueIdentifier>
      <Extensions>rc;ico;cur;bmp;dlg;rc2;rct;bin;rgs;gif;jpg;jpeg;jpe;resx;tiff;tif;png;wav;mfcribbon-ms</Extensions>
    </Filter>
  </ItemGroup>
  <ItemGroup>
    <ClInclude Include="framework.h">
      <Filter>Header Files</Filter>
    </ClInclude>
    <ClInclude Include="..\band.h">
      <Filter>Header Files</Filter>
    </ClInclude>
    <ClInclude Include="..\dense.h">
      <Filter>Header Files</Filter>
    </ClInclude>
    <ClInclude Include="..\ida.h">
      <Filter>Header Files</Filter>
    </ClInclude>
    <ClInclude Include="..\idaband.h">
      <Filter>Header Files</Filter>
    </ClInclude>
    <ClInclude Include="..\idabbdpre.h">
      <Filter>Header Files</Filter>
    </ClInclude>
    <ClInclude Include="..\idadense.h">
      <Filter>Header Files</Filter>
    </ClInclude>
    <ClInclude Include="..\idaspgmr.h">
      <Filter>Header Files</Filter>
    </ClInclude>
    <ClInclude Include="..\iterativ.h">
      <Filter>Header Files</Filter>
    </ClInclude>
    <ClInclude Include="..\llnlmath.h">
      <Filter>Header Files</Filter>
    </ClInclude>
    <ClInclude Include="..\llnltyps.h">
      <Filter>Header Files</Filter>
    </ClInclude>
    <ClInclude Include="..\nvector.h">
      <Filter>Header Files</Filter>
    </ClInclude>
    <ClInclude Include="..\smalldense.h">
      <Filter>Header Files</Filter>
    </ClInclude>
    <ClInclude Include="..\spgmr.h">
      <Filter>Header Files</Filter>
    </ClInclude>
  </ItemGroup>
  <ItemGroup>
    <ClCompile Include="IDA10.c">
      <Filter>Source Files</Filter>
    </ClCompile>
    <ClCompile Include="..\band.c">
      <Filter>Source Files</Filter>
    </ClCompile>
    <ClCompile Include="..\dense.c">
      <Filter>Source Files</Filter>
    </ClCompile>
    <ClCompile Include="..\ida.c">
      <Filter>Source Files</Filter>
    </ClCompile>
    <ClCompile Include="..\idaband.c">
      <Filter>Source Files</Filter>
    </ClCompile>
    <ClCompile Include="..\idabbdpre.c">
      <Filter>Source Files</Filter>
    </ClCompile>
    <ClCompile Include="..\idadense.c">
      <Filter>Source Files</Filter>
    </ClCompile>
    <ClCompile Include="..\idaspgmr.c">
      <Filter>Source Files</Filter>
    </ClCompile>
    <ClCompile Include="..\iterativ.c">
      <Filter>Source Files</Filter>
    </ClCompile>
    <ClCompile Include="..\llnlmath.c">
      <Filter>Source Files</Filter>
    </ClCompile>
    <ClCompile Include="..\nvector.c">
      <Filter>Source Files</Filter>
    </ClCompile>
    <ClCompile Include="..\smalldense.c">
      <Filter>Source Files</Filter>
    </ClCompile>
    <ClCompile Include="..\spgmr.c">
      <Filter>Source Files</Filter>
    </ClCompile>
  </ItemGroup>
</Project>